{
  "version": 4,
  "terraform_version": "1.9.7",
  "serial": 115,
  "lineage": "23981830-fd19-fa2a-a86c-edc33f0f90dd",
  "outputs": {},
  "resources": [
    {
      "module": "module.bigquery_datasets",
      "mode": "managed",
      "type": "google_bigquery_dataset",
      "name": "datasets",
      "provider": "provider[\"registry.terraform.io/hashicorp/google\"]",
      "instances": [
        {
          "index_key": "0",
          "schema_version": 0,
          "attributes": {
            "access": [
              {
                "dataset": [],
                "domain": "",
                "group_by_email": "",
                "iam_member": "",
                "role": "OWNER",
                "routine": [],
                "special_group": "",
                "user_by_email": "dv-gsa-tfws-playpen-740073b405@playpen-740076.iam.gserviceaccount.com",
                "view": []
              },
              {
                "dataset": [],
                "domain": "",
                "group_by_email": "",
                "iam_member": "",
                "role": "OWNER",
                "routine": [],
                "special_group": "projectOwners",
                "user_by_email": "",
                "view": []
              },
              {
                "dataset": [],
                "domain": "",
                "group_by_email": "",
                "iam_member": "",
                "role": "READER",
                "routine": [],
                "special_group": "projectReaders",
                "user_by_email": "",
                "view": []
              },
              {
                "dataset": [],
                "domain": "",
                "group_by_email": "",
                "iam_member": "",
                "role": "WRITER",
                "routine": [],
                "special_group": "projectWriters",
                "user_by_email": "",
                "view": []
              }
            ],
            "creation_time": 1729795369237,
            "dataset_id": "piyush",
            "default_collation": "",
            "default_encryption_configuration": [],
            "default_partition_expiration_ms": 0,
            "default_table_expiration_ms": 0,
            "delete_contents_on_destroy": false,
            "description": "these are a dummy tables",
            "effective_labels": {
              "goog-terraform-provisioned": "true"
            },
            "etag": "Hvxf73EBszaXEAK02UeSbA==",
            "external_dataset_reference": [],
            "friendly_name": "piyush",
            "id": "projects/playpen-740076/datasets/piyush",
            "is_case_insensitive": false,
            "labels": null,
            "last_modified_time": 1729795369237,
            "location": "europe-west1",
            "max_time_travel_hours": "168",
            "project": "playpen-740076",
            "resource_tags": null,
            "self_link": "https://bigquery.googleapis.com/bigquery/v2/projects/playpen-740076/datasets/piyush",
            "storage_billing_model": "",
            "terraform_labels": {
              "goog-terraform-provisioned": "true"
            },
            "timeouts": null
          },
          "sensitive_attributes": [],
          "private": "eyJlMmJmYjczMC1lY2FhLTExZTYtOGY4OC0zNDM2M2JjN2M0YzAiOnsiY3JlYXRlIjoxMjAwMDAwMDAwMDAwLCJkZWxldGUiOjEyMDAwMDAwMDAwMDAsInVwZGF0ZSI6MTIwMDAwMDAwMDAwMH19"
        }
      ]
    },
    {
      "module": "module.bigquery_tables",
      "mode": "managed",
      "type": "google_bigquery_table",
      "name": "bq_tables",
      "provider": "provider[\"registry.terraform.io/hashicorp/google\"]",
      "instances": [
        {
          "index_key": "piyush_Individual_Incident_hist",
          "schema_version": 0,
          "attributes": {
            "biglake_configuration": [],
            "clustering": [],
            "creation_time": 1729795371295,
            "dataset_id": "piyush",
            "deletion_protection": false,
            "description": "",
            "effective_labels": {
              "goog-terraform-provisioned": "true"
            },
            "encryption_configuration": [
              {
                "kms_key_name": "projects/playpen-740076/locations/europe-west1/keyRings/my-key-ring8/cryptoKeys/my-crypto-key",
                "kms_key_version": ""
              }
            ],
            "etag": "nMWyGdWa+5IYv3iIoLZlNg==",
            "expiration_time": 0,
            "external_data_configuration": [],
            "friendly_name": "",
            "id": "projects/playpen-740076/datasets/piyush/tables/Individual_Incident_hist",
            "labels": null,
            "last_modified_time": 1729795371526,
            "location": "europe-west1",
            "materialized_view": [],
            "max_staleness": "",
            "num_bytes": 0,
            "num_long_term_bytes": 0,
            "num_rows": 0,
            "project": "playpen-740076",
            "range_partitioning": [],
            "require_partition_filter": false,
            "resource_tags": null,
            "schema": "[{\"name\":\"state\",\"type\":\"STRING\"},{\"name\":\"ID\",\"type\":\"STRING\"},{\"name\":\"ORI\",\"type\":\"STRING\"},{\"name\":\"incident_number\",\"type\":\"STRING\"},{\"name\":\"date_HRF\",\"type\":\"INTEGER\"},{\"name\":\"date_SIF\",\"type\":\"STRING\"},{\"name\":\"hour\",\"type\":\"STRING\"},{\"name\":\"total_offense\",\"type\":\"INTEGER\"},{\"name\":\"total_victim\",\"type\":\"INTEGER\"},{\"name\":\"total_offender\",\"type\":\"INTEGER\"},{\"name\":\"violence_offense\",\"type\":\"INTEGER\"},{\"name\":\"theft_offense\",\"type\":\"INTEGER\"},{\"name\":\"drug_offense\",\"type\":\"INTEGER\"},{\"name\":\"sex_offense\",\"type\":\"INTEGER\"},{\"name\":\"kidnapping_trafficking\",\"type\":\"INTEGER\"},{\"name\":\"other_offense\",\"type\":\"INTEGER\"},{\"name\":\"gun_involvement\",\"type\":\"INTEGER\"},{\"name\":\"completed\",\"type\":\"INTEGER\"},{\"name\":\"attempted\",\"type\":\"INTEGER\"},{\"name\":\"drug_involvement\",\"type\":\"INTEGER\"},{\"name\":\"property_value\",\"type\":\"INTEGER\"},{\"name\":\"stolen_motor\",\"type\":\"INTEGER\"},{\"name\":\"male_victim\",\"type\":\"INTEGER\"},{\"name\":\"female_victim\",\"type\":\"INTEGER\"},{\"name\":\"unknown_sex_victim\",\"type\":\"INTEGER\"},{\"name\":\"w_victim\",\"type\":\"INTEGER\"},{\"name\":\"b_victim\",\"type\":\"INTEGER\"},{\"name\":\"i_victim\",\"type\":\"INTEGER\"},{\"name\":\"a_victim\",\"type\":\"INTEGER\"},{\"name\":\"p_victim\",\"type\":\"INTEGER\"},{\"name\":\"unknown_race_victim\",\"type\":\"INTEGER\"},{\"name\":\"minor_victim\",\"type\":\"INTEGER\"},{\"name\":\"non_minor_victim\",\"type\":\"INTEGER\"},{\"name\":\"unknown_age_victim\",\"type\":\"INTEGER\"},{\"name\":\"offender_wi_family\",\"type\":\"INTEGER\"},{\"name\":\"offender_outside_family\",\"type\":\"INTEGER\"},{\"name\":\"offender_not_known\",\"type\":\"INTEGER\"},{\"name\":\"male_offender\",\"type\":\"INTEGER\"},{\"name\":\"female_offender\",\"type\":\"INTEGER\"},{\"name\":\"unknown_sex_offender\",\"type\":\"INTEGER\"},{\"name\":\"w_offender\",\"type\":\"INTEGER\"},{\"name\":\"b_offender\",\"type\":\"INTEGER\"},{\"name\":\"i_offender\",\"type\":\"INTEGER\"},{\"name\":\"a_offender\",\"type\":\"INTEGER\"},{\"name\":\"p_offender\",\"type\":\"INTEGER\"},{\"name\":\"unknown_race_offender\",\"type\":\"INTEGER\"},{\"name\":\"minor_offender\",\"type\":\"INTEGER\"},{\"name\":\"non_minor_offender\",\"type\":\"INTEGER\"},{\"name\":\"unknown_age_offender\",\"type\":\"INTEGER\"},{\"name\":\"sample_partition\",\"type\":\"DATE\"},{\"name\":\"original_partition\",\"type\":\"DATE\"}]",
            "self_link": "https://bigquery.googleapis.com/bigquery/v2/projects/playpen-740076/datasets/piyush/tables/Individual_Incident_hist",
            "table_constraints": [],
            "table_id": "Individual_Incident_hist",
            "table_replication_info": [],
            "terraform_labels": {
              "goog-terraform-provisioned": "true"
            },
            "time_partitioning": [],
            "type": "TABLE",
            "view": []
          },
          "sensitive_attributes": [],
          "private": "bnVsbA==",
          "dependencies": [
            "module.bigquery_datasets.google_bigquery_dataset.datasets"
          ]
        },
        {
          "index_key": "piyush_employee_temp",
          "schema_version": 0,
          "attributes": {
            "biglake_configuration": [],
            "clustering": [],
            "creation_time": 1729795371308,
            "dataset_id": "piyush",
            "deletion_protection": false,
            "description": "",
            "effective_labels": {
              "goog-terraform-provisioned": "true"
            },
            "encryption_configuration": [
              {
                "kms_key_name": "projects/playpen-740076/locations/europe-west1/keyRings/my-key-ring8/cryptoKeys/my-crypto-key",
                "kms_key_version": ""
              }
            ],
            "etag": "AN1/UrRYUCW+RJdvBOJFuQ==",
            "expiration_time": 0,
            "external_data_configuration": [],
            "friendly_name": "",
            "id": "projects/playpen-740076/datasets/piyush/tables/employee_temp",
            "labels": null,
            "last_modified_time": 1729795371535,
            "location": "europe-west1",
            "materialized_view": [],
            "max_staleness": "",
            "num_bytes": 0,
            "num_long_term_bytes": 0,
            "num_rows": 0,
            "project": "playpen-740076",
            "range_partitioning": [],
            "require_partition_filter": false,
            "resource_tags": null,
            "schema": "[{\"mode\":\"NULLABLE\",\"name\":\"First_Name\",\"type\":\"STRING\"},{\"mode\":\"NULLABLE\",\"name\":\"Gender\",\"type\":\"STRING\"},{\"mode\":\"NULLABLE\",\"name\":\"Start_Date\",\"type\":\"STRING\"},{\"mode\":\"NULLABLE\",\"name\":\"Salary\",\"type\":\"STRING\"},{\"mode\":\"NULLABLE\",\"name\":\"Last_Login_Time\",\"type\":\"STRING\"},{\"mode\":\"NULLABLE\",\"name\":\"Bonus_Percent\",\"type\":\"STRING\"},{\"mode\":\"NULLABLE\",\"name\":\"Senior_Management\",\"type\":\"STRING\"},{\"mode\":\"NULLABLE\",\"name\":\"Team\",\"type\":\"STRING\"}]",
            "self_link": "https://bigquery.googleapis.com/bigquery/v2/projects/playpen-740076/datasets/piyush/tables/employee_temp",
            "table_constraints": [],
            "table_id": "employee_temp",
            "table_replication_info": [],
            "terraform_labels": {
              "goog-terraform-provisioned": "true"
            },
            "time_partitioning": [],
            "type": "TABLE",
            "view": []
          },
          "sensitive_attributes": [],
          "private": "bnVsbA==",
          "dependencies": [
            "module.bigquery_datasets.google_bigquery_dataset.datasets"
          ]
        }
      ]
    }
  ],
  "check_results": null
}
